// !$*UTF8*$!
{
	archiveVersion = 1;
	classes = {
	};
	objectVersion = 50;
	objects = {

/* Begin PBXBuildFile section */
		4916635F215F5E6400D966E9 /* AppDelegate.swift in Sources */ = {isa = PBXBuildFile; fileRef = 4916635E215F5E6400D966E9 /* AppDelegate.swift */; };
		49166361215F5E6400D966E9 /* TodoListViewController.swift in Sources */ = {isa = PBXBuildFile; fileRef = 49166360215F5E6400D966E9 /* TodoListViewController.swift */; };
		49166364215F5E6400D966E9 /* Main.storyboard in Resources */ = {isa = PBXBuildFile; fileRef = 49166362215F5E6400D966E9 /* Main.storyboard */; };
		49166366215F5E6500D966E9 /* Assets.xcassets in Resources */ = {isa = PBXBuildFile; fileRef = 49166365215F5E6500D966E9 /* Assets.xcassets */; };
		49166369215F5E6500D966E9 /* LaunchScreen.storyboard in Resources */ = {isa = PBXBuildFile; fileRef = 49166367215F5E6500D966E9 /* LaunchScreen.storyboard */; };
		498C6AEE2171CF2800967A7F /* CategoryViewController.swift in Sources */ = {isa = PBXBuildFile; fileRef = 498C6AED2171CF2800967A7F /* CategoryViewController.swift */; };
		498C6AF02172918300967A7F /* Data.swift in Sources */ = {isa = PBXBuildFile; fileRef = 498C6AEF2172918300967A7F /* Data.swift */; };
		49EECF4F216BC1FB00E19DC7 /* DataModel.xcdatamodeld in Sources */ = {isa = PBXBuildFile; fileRef = 49EECF4D216BC1FB00E19DC7 /* DataModel.xcdatamodeld */; };
		9F7B1316ED00BC619D0E49B5 /* Pods_Todoey.framework in Frameworks */ = {isa = PBXBuildFile; fileRef = 45A6FB3E5F67F69AF99D2A12 /* Pods_Todoey.framework */; };
/* End PBXBuildFile section */

/* Begin PBXFileReference section */
		17388B61E2C77A4A1A1A6D5F /* Pods-Todoey.debug.xcconfig */ = {isa = PBXFileReference; includeInIndex = 1; lastKnownFileType = text.xcconfig; name = "Pods-Todoey.debug.xcconfig"; path = "Pods/Target Support Files/Pods-Todoey/Pods-Todoey.debug.xcconfig"; sourceTree = "<group>"; };
		40FFA44E6F8DF5E1603AA9D9 /* Pods-Todoey.release.xcconfig */ = {isa = PBXFileReference; includeInIndex = 1; lastKnownFileType = text.xcconfig; name = "Pods-Todoey.release.xcconfig"; path = "Pods/Target Support Files/Pods-Todoey/Pods-Todoey.release.xcconfig"; sourceTree = "<group>"; };
		45A6FB3E5F67F69AF99D2A12 /* Pods_Todoey.framework */ = {isa = PBXFileReference; explicitFileType = wrapper.framework; includeInIndex = 0; path = Pods_Todoey.framework; sourceTree = BUILT_PRODUCTS_DIR; };
		4916635B215F5E6400D966E9 /* Todoey.app */ = {isa = PBXFileReference; explicitFileType = wrapper.application; includeInIndex = 0; path = Todoey.app; sourceTree = BUILT_PRODUCTS_DIR; };
		4916635E215F5E6400D966E9 /* AppDelegate.swift */ = {isa = PBXFileReference; lastKnownFileType = sourcecode.swift; path = AppDelegate.swift; sourceTree = "<group>"; };
		49166360215F5E6400D966E9 /* TodoListViewController.swift */ = {isa = PBXFileReference; lastKnownFileType = sourcecode.swift; path = TodoListViewController.swift; sourceTree = "<group>"; };
		49166363215F5E6400D966E9 /* Base */ = {isa = PBXFileReference; lastKnownFileType = file.storyboard; name = Base; path = Base.lproj/Main.storyboard; sourceTree = "<group>"; };
		49166365215F5E6500D966E9 /* Assets.xcassets */ = {isa = PBXFileReference; lastKnownFileType = folder.assetcatalog; path = Assets.xcassets; sourceTree = "<group>"; };
		49166368215F5E6500D966E9 /* Base */ = {isa = PBXFileReference; lastKnownFileType = file.storyboard; name = Base; path = Base.lproj/LaunchScreen.storyboard; sourceTree = "<group>"; };
		4916636A215F5E6500D966E9 /* Info.plist */ = {isa = PBXFileReference; lastKnownFileType = text.plist.xml; path = Info.plist; sourceTree = "<group>"; };
		498C6AED2171CF2800967A7F /* CategoryViewController.swift */ = {isa = PBXFileReference; lastKnownFileType = sourcecode.swift; path = CategoryViewController.swift; sourceTree = "<group>"; };
		498C6AEF2172918300967A7F /* Data.swift */ = {isa = PBXFileReference; lastKnownFileType = sourcecode.swift; path = Data.swift; sourceTree = "<group>"; };
		49EECF4E216BC1FB00E19DC7 /* DataModel.xcdatamodel */ = {isa = PBXFileReference; lastKnownFileType = wrapper.xcdatamodel; path = DataModel.xcdatamodel; sourceTree = "<group>"; };
/* End PBXFileReference section */

/* Begin PBXFrameworksBuildPhase section */
		49166358215F5E6400D966E9 /* Frameworks */ = {
			isa = PBXFrameworksBuildPhase;
			buildActionMask = 2147483647;
			files = (
				9F7B1316ED00BC619D0E49B5 /* Pods_Todoey.framework in Frameworks */,
			);
			runOnlyForDeploymentPostprocessing = 0;
		};
/* End PBXFrameworksBuildPhase section */

/* Begin PBXGroup section */
		442572BB76F42E581F712A7B /* Pods */ = {
			isa = PBXGroup;
			children = (
				17388B61E2C77A4A1A1A6D5F /* Pods-Todoey.debug.xcconfig */,
				40FFA44E6F8DF5E1603AA9D9 /* Pods-Todoey.release.xcconfig */,
			);
			name = Pods;
			sourceTree = "<group>";
		};
		49166352215F5E6400D966E9 = {
			isa = PBXGroup;
			children = (
				4916635D215F5E6400D966E9 /* Todoey */,
				4916635C215F5E6400D966E9 /* Products */,
				442572BB76F42E581F712A7B /* Pods */,
				7970479FE8FE6271371E763B /* Frameworks */,
			);
			sourceTree = "<group>";
		};
		4916635C215F5E6400D966E9 /* Products */ = {
			isa = PBXGroup;
			children = (
				4916635B215F5E6400D966E9 /* Todoey.app */,
			);
			name = Products;
			sourceTree = "<group>";
		};
		4916635D215F5E6400D966E9 /* Todoey */ = {
			isa = PBXGroup;
			children = (
				4916635E215F5E6400D966E9 /* AppDelegate.swift */,
				49EECF4A2169F06D00E19DC7 /* Controller */,
				49EECF4B2169F07900E19DC7 /* Views */,
				49EECF4C2169F09E00E19DC7 /* Supporting Files */,
				49EECF492169F05800E19DC7 /* Data Model */,
				4916636A215F5E6500D966E9 /* Info.plist */,
			);
			path = Todoey;
			sourceTree = "<group>";
		};
		49EECF492169F05800E19DC7 /* Data Model */ = {
			isa = PBXGroup;
			children = (
				49EECF4D216BC1FB00E19DC7 /* DataModel.xcdatamodeld */,
				498C6AEF2172918300967A7F /* Data.swift */,
			);
			path = "Data Model";
			sourceTree = "<group>";
		};
		49EECF4A2169F06D00E19DC7 /* Controller */ = {
			isa = PBXGroup;
			children = (
				498C6AED2171CF2800967A7F /* CategoryViewController.swift */,
				49166360215F5E6400D966E9 /* TodoListViewController.swift */,
			);
			path = Controller;
			sourceTree = "<group>";
		};
		49EECF4B2169F07900E19DC7 /* Views */ = {
			isa = PBXGroup;
			children = (
				49166362215F5E6400D966E9 /* Main.storyboard */,
			);
			path = Views;
			sourceTree = "<group>";
		};
		49EECF4C2169F09E00E19DC7 /* Supporting Files */ = {
			isa = PBXGroup;
			children = (
				49166365215F5E6500D966E9 /* Assets.xcassets */,
				49166367215F5E6500D966E9 /* LaunchScreen.storyboard */,
			);
			path = "Supporting Files";
			sourceTree = "<group>";
		};
		7970479FE8FE6271371E763B /* Frameworks */ = {
			isa = PBXGroup;
			children = (
				45A6FB3E5F67F69AF99D2A12 /* Pods_Todoey.framework */,
			);
			name = Frameworks;
			sourceTree = "<group>";
		};
/* End PBXGroup section */

/* Begin PBXNativeTarget section */
		4916635A215F5E6400D966E9 /* Todoey */ = {
			isa = PBXNativeTarget;
			buildConfigurationList = 4916636D215F5E6500D966E9 /* Build configuration list for PBXNativeTarget "Todoey" */;
			buildPhases = (
				14FACC98FCC5210CDA0F6179 /* [CP] Check Pods Manifest.lock */,
				49166357215F5E6400D966E9 /* Sources */,
				49166358215F5E6400D966E9 /* Frameworks */,
				49166359215F5E6400D966E9 /* Resources */,
				1287EDA6CA294BC3790A3F95 /* [CP] Embed Pods Frameworks */,
			);
			buildRules = (
			);
			dependencies = (
			);
			name = Todoey;
			productName = Todoey;
			productReference = 4916635B215F5E6400D966E9 /* Todoey.app */;
			productType = "com.apple.product-type.application";
		};
/* End PBXNativeTarget section */

/* Begin PBXProject section */
		49166353215F5E6400D966E9 /* Project object */ = {
			isa = PBXProject;
			attributes = {
				LastSwiftUpdateCheck = 1000;
				LastUpgradeCheck = 1000;
				ORGANIZATIONNAME = "Kyaw Kyaw Lay";
				TargetAttributes = {
					4916635A215F5E6400D966E9 = {
						CreatedOnToolsVersion = 10.0;
					};
				};
			};
			buildConfigurationList = 49166356215F5E6400D966E9 /* Build configuration list for PBXProject "Todoey" */;
			compatibilityVersion = "Xcode 9.3";
			developmentRegion = en;
			hasScannedForEncodings = 0;
			knownRegions = (
				en,
				Base,
			);
			mainGroup = 49166352215F5E6400D966E9;
			productRefGroup = 4916635C215F5E6400D966E9 /* Products */;
			projectDirPath = "";
			projectRoot = "";
			targets = (
				4916635A215F5E6400D966E9 /* Todoey */,
			);
		};
/* End PBXProject section */

/* Begin PBXResourcesBuildPhase section */
		49166359215F5E6400D966E9 /* Resources */ = {
			isa = PBXResourcesBuildPhase;
			buildActionMask = 2147483647;
			files = (
				49166369215F5E6500D966E9 /* LaunchScreen.storyboard in Resources */,
				49166366215F5E6500D966E9 /* Assets.xcassets in Resources */,
				49166364215F5E6400D966E9 /* Main.storyboard in Resources */,
			);
			runOnlyForDeploymentPostprocessing = 0;
		};
/* End PBXResourcesBuildPhase section */

/* Begin PBXShellScriptBuildPhase section */
		1287EDA6CA294BC3790A3F95 /* [CP] Embed Pods Frameworks */ = {
			isa = PBXShellScriptBuildPhase;
			buildActionMask = 2147483647;
			files = (
			);
			inputFileListPaths = (
			);
			inputPaths = (
				"${SRCROOT}/Pods/Target Support Files/Pods-Todoey/Pods-Todoey-frameworks.sh",
				"${BUILT_PRODUCTS_DIR}/Realm/Realm.framework",
				"${BUILT_PRODUCTS_DIR}/RealmSwift/RealmSwift.framework",
			);
			name = "[CP] Embed Pods Frameworks";
			outputFileListPaths = (
			);
			outputPaths = (
				"${TARGET_BUILD_DIR}/${FRAMEWORKS_FOLDER_PATH}/Realm.framework",
				"${TARGET_BUILD_DIR}/${FRAMEWORKS_FOLDER_PATH}/RealmSwift.framework",
			);
			runOnlyForDeploymentPostprocessing = 0;
			shellPath = /bin/sh;
			shellScript = "\"${SRCROOT}/Pods/Target Support Files/Pods-Todoey/Pods-Todoey-frameworks.sh\"\n";
			showEnvVarsInLog = 0;
		};
		14FACC98FCC5210CDA0F6179 /* [CP] Check Pods Manifest.lock */ = {
			isa = PBXShellScriptBuildPhase;
			buildActionMask = 2147483647;
			files = (
			);
			inputFileListPaths = (
			);
			inputPaths = (
				"${PODS_PODFILE_DIR_PATH}/Podfile.lock",
				"${PODS_ROOT}/Manifest.lock",
			);
			name = "[CP] Check Pods Manifest.lock";
			outputFileListPaths = (
			);
			outputPaths = (
				"$(DERIVED_FILE_DIR)/Pods-Todoey-checkManifestLockResult.txt",
			);
			runOnlyForDeploymentPostprocessing = 0;
			shellPath = /bin/sh;
			shellScript = "diff \"${PODS_PODFILE_DIR_PATH}/Podfile.lock\" \"${PODS_ROOT}/Manifest.lock\" > /dev/null\nif [ $? != 0 ] ; then\n    # print error to STDERR\n    echo \"error: The sandbox is not in sync with the Podfile.lock. Run 'pod install' or update your CocoaPods installation.\" >&2\n    exit 1\nfi\n# This output is used by Xcode 'outputs' to avoid re-running this script phase.\necho \"SUCCESS\" > \"${SCRIPT_OUTPUT_FILE_0}\"\n";
			showEnvVarsInLog = 0;
		};
/* End PBXShellScriptBuildPhase section */

/* Begin PBXSourcesBuildPhase section */
		49166357215F5E6400D966E9 /* Sources */ = {
			isa = PBXSourcesBuildPhase;
			buildActionMask = 2147483647;
			files = (
				498C6AEE2171CF2800967A7F /* CategoryViewController.swift in Sources */,
				498C6AF02172918300967A7F /* Data.swift in Sources */,
				49166361215F5E6400D966E9 /* TodoListViewController.swift in Sources */,
				49EECF4F216BC1FB00E19DC7 /* DataModel.xcdatamodeld in Sources */,
				4916635F215F5E6400D966E9 /* AppDelegate.swift in Sources */,
			);
			runOnlyForDeploymentPostprocessing = 0;
		};
/* End PBXSourcesBuildPhase section */

/* Begin PBXVariantGroup section */
		49166362215F5E6400D966E9 /* Main.storyboard */ = {
			isa = PBXVariantGroup;
			children = (
				49166363215F5E6400D966E9 /* Base */,
			);
			name = Main.storyboard;
			sourceTree = "<group>";
		};
		49166367215F5E6500D966E9 /* LaunchScreen.storyboard */ = {
			isa = PBXVariantGroup;
			children = (
				49166368215F5E6500D966E9 /* Base */,
			);
			name = LaunchScreen.storyboard;
			sourceTree = "<group>";
		};
/* End PBXVariantGroup section */

/* Begin XCBuildConfiguration section */
		4916636B215F5E6500D966E9 /* Debug */ = {
			isa = XCBuildConfiguration;
			buildSettings = {
				ALWAYS_SEARCH_USER_PATHS = NO;
				CLANG_ANALYZER_NONNULL = YES;
				CLANG_ANALYZER_NUMBER_OBJECT_CONVERSION = YES_AGGRESSIVE;
				CLANG_CXX_LANGUAGE_STANDARD = "gnu++14";
				CLANG_CXX_LIBRARY = "libc++";
				CLANG_ENABLE_MODULES = YES;
				CLANG_ENABLE_OBJC_ARC = YES;
				CLANG_ENABLE_OBJC_WEAK = YES;
				CLANG_WARN_BLOCK_CAPTURE_AUTORELEASING = YES;
				CLANG_WARN_BOOL_CONVERSION = YES;
				CLANG_WARN_COMMA = YES;
				CLANG_WARN_CONSTANT_CONVERSION = YES;
				CLANG_WARN_DEPRECATED_OBJC_IMPLEMENTATIONS = YES;
				CLANG_WARN_DIRECT_OBJC_ISA_USAGE = YES_ERROR;
				CLANG_WARN_DOCUMENTATION_COMMENTS = YES;
				CLANG_WARN_EMPTY_BODY = YES;
				CLANG_WARN_ENUM_CONVERSION = YES;
				CLANG_WARN_INFINITE_RECURSION = YES;
				CLANG_WARN_INT_CONVERSION = YES;
				CLANG_WARN_NON_LITERAL_NULL_CONVERSION = YES;
				CLANG_WARN_OBJC_IMPLICIT_RETAIN_SELF = YES;
				CLANG_WARN_OBJC_LITERAL_CONVERSION = YES;
				CLANG_WARN_OBJC_ROOT_CLASS = YES_ERROR;
				CLANG_WARN_RANGE_LOOP_ANALYSIS = YES;
				CLANG_WARN_STRICT_PROTOTYPES = YES;
				CLANG_WARN_SUSPICIOUS_MOVE = YES;
				CLANG_WARN_UNGUARDED_AVAILABILITY = YES_AGGRESSIVE;
				CLANG_WARN_UNREACHABLE_CODE = YES;
				CLANG_WARN__DUPLICATE_METHOD_MATCH = YES;
				CODE_SIGN_IDENTITY = "iPhone Developer";
				COPY_PHASE_STRIP = NO;
				DEBUG_INFORMATION_FORMAT = dwarf;
				ENABLE_STRICT_OBJC_MSGSEND = YES;
				ENABLE_TESTABILITY = YES;
				GCC_C_LANGUAGE_STANDARD = gnu11;
				GCC_DYNAMIC_NO_PIC = NO;
				GCC_NO_COMMON_BLOCKS = YES;
				GCC_OPTIMIZATION_LEVEL = 0;
				GCC_PREPROCESSOR_DEFINITIONS = (
					"DEBUG=1",
					"$(inherited)",
				);
				GCC_WARN_64_TO_32_BIT_CONVERSION = YES;
				GCC_WARN_ABOUT_RETURN_TYPE = YES_ERROR;
				GCC_WARN_UNDECLARED_SELECTOR = YES;
				GCC_WARN_UNINITIALIZED_AUTOS = YES_AGGRESSIVE;
				GCC_WARN_UNUSED_FUNCTION = YES;
				GCC_WARN_UNUSED_VARIABLE = YES;
				IPHONEOS_DEPLOYMENT_TARGET = 12.0;
				MTL_ENABLE_DEBUG_INFO = INCLUDE_SOURCE;
				MTL_FAST_MATH = YES;
				ONLY_ACTIVE_ARCH = YES;
				SDKROOT = iphoneos;
				SWIFT_ACTIVE_COMPILATION_CONDITIONS = DEBUG;
				SWIFT_OPTIMIZATION_LEVEL = "-Onone";
			};
			name = Debug;
		};
		4916636C215F5E6500D966E9 /* Release */ = {
			isa = XCBuildConfiguration;
			buildSettings = {
				ALWAYS_SEARCH_USER_PATHS = NO;
				CLANG_ANALYZER_NONNULL = YES;
				CLANG_ANALYZER_NUMBER_OBJECT_CONVERSION = YES_AGGRESSIVE;
				CLANG_CXX_LANGUAGE_STANDARD = "gnu++14";
				CLANG_CXX_LIBRARY = "libc++";
				CLANG_ENABLE_MODULES = YES;
				CLANG_ENABLE_OBJC_ARC = YES;
				CLANG_ENABLE_OBJC_WEAK = YES;
				CLANG_WARN_BLOCK_CAPTURE_AUTORELEASING = YES;
				CLANG_WARN_BOOL_CONVERSION = YES;
				CLANG_WARN_COMMA = YES;
				CLANG_WARN_CONSTANT_CONVERSION = YES;
				CLANG_WARN_DEPRECATED_OBJC_IMPLEMENTATIONS = YES;
				CLANG_WARN_DIRECT_OBJC_ISA_USAGE = YES_ERROR;
				CLANG_WARN_DOCUMENTATION_COMMENTS = YES;
				CLANG_WARN_EMPTY_BODY = YES;
				CLANG_WARN_ENUM_CONVERSION = YES;
				CLANG_WARN_INFINITE_RECURSION = YES;
				CLANG_WARN_INT_CONVERSION = YES;
				CLANG_WARN_NON_LITERAL_NULL_CONVERSION = YES;
				CLANG_WARN_OBJC_IMPLICIT_RETAIN_SELF = YES;
				CLANG_WARN_OBJC_LITERAL_CONVERSION = YES;
				CLANG_WARN_OBJC_ROOT_CLASS = YES_ERROR;
				CLANG_WARN_RANGE_LOOP_ANALYSIS = YES;
				CLANG_WARN_STRICT_PROTOTYPES = YES;
				CLANG_WARN_SUSPICIOUS_MOVE = YES;
				CLANG_WARN_UNGUARDED_AVAILABILITY = YES_AGGRESSIVE;
				CLANG_WARN_UNREACHABLE_CODE = YES;
				CLANG_WARN__DUPLICATE_METHOD_MATCH = YES;
				CODE_SIGN_IDENTITY = "iPhone Developer";
				COPY_PHASE_STRIP = NO;
				DEBUG_INFORMATION_FORMAT = "dwarf-with-dsym";
				ENABLE_NS_ASSERTIONS = NO;
				ENABLE_STRICT_OBJC_MSGSEND = YES;
				GCC_C_LANGUAGE_STANDARD = gnu11;
				GCC_NO_COMMON_BLOCKS = YES;
				GCC_WARN_64_TO_32_BIT_CONVERSION = YES;
				GCC_WARN_ABOUT_RETURN_TYPE = YES_ERROR;
				GCC_WARN_UNDECLARED_SELECTOR = YES;
				GCC_WARN_UNINITIALIZED_AUTOS = YES_AGGRESSIVE;
				GCC_WARN_UNUSED_FUNCTION = YES;
				GCC_WARN_UNUSED_VARIABLE = YES;
				IPHONEOS_DEPLOYMENT_TARGET = 12.0;
				MTL_ENABLE_DEBUG_INFO = NO;
				MTL_FAST_MATH = YES;
				SDKROOT = iphoneos;
				SWIFT_COMPILATION_MODE = wholemodule;
				SWIFT_OPTIMIZATION_LEVEL = "-O";
				VALIDATE_PRODUCT = YES;
			};
			name = Release;
		};
		4916636E215F5E6500D966E9 /* Debug */ = {
			isa = XCBuildConfiguration;
			baseConfigurationReference = 17388B61E2C77A4A1A1A6D5F /* Pods-Todoey.debug.xcconfig */;
			buildSettings = {
				ASSETCATALOG_COMPILER_APPICON_NAME = AppIcon;
				CODE_SIGN_STYLE = Automatic;
				DEVELOPMENT_TEAM = XMC9Y6795M;
				INFOPLIST_FILE = Todoey/Info.plist;
				LD_RUNPATH_SEARCH_PATHS = (
					"$(inherited)",
					"@executable_path/Frameworks",
				);
				PRODUCT_BUNDLE_IDENTIFIER = com.pixelsoft.Todoey;
				PRODUCT_NAME = "$(TARGET_NAME)";
				SWIFT_VERSION = 4.2;
				TARGETED_DEVICE_FAMILY = "1,2";
			};
			name = Debug;
		};
		4916636F215F5E6500D966E9 /* Release */ = {
			isa = XCBuildConfiguration;
			baseConfigurationReference = 40FFA44E6F8DF5E1603AA9D9 /* Pods-Todoey.release.xcconfig */;
			buildSettings = {
				ASSETCATALOG_COMPILER_APPICON_NAME = AppIcon;
				CODE_SIGN_STYLE = Automatic;
				DEVELOPMENT_TEAM = XMC9Y6795M;
				INFOPLIST_FILE = Todoey/Info.plist;
				LD_RUNPATH_SEARCH_PATHS = (
					"$(inherited)",
					"@executable_path/Frameworks",
				);
				PRODUCT_BUNDLE_IDENTIFIER = com.pixelsoft.Todoey;
				PRODUCT_NAME = "$(TARGET_NAME)";
				SWIFT_VERSION = 4.2;
				TARGETED_DEVICE_FAMILY = "1,2";
			};
			name = Release;
		};
/* End XCBuildConfiguration section */

/* Begin XCConfigurationList section */
		49166356215F5E6400D966E9 /* Build configuration list for PBXProject "Todoey" */ = {
			isa = XCConfigurationList;
			buildConfigurations = (
				4916636B215F5E6500D966E9 /* Debug */,
				4916636C215F5E6500D966E9 /* Release */,
			);
			defaultConfigurationIsVisible = 0;
			defaultConfigurationName = Release;
		};
		4916636D215F5E6500D966E9 /* Build configuration list for PBXNativeTarget "Todoey" */ = {
			isa = XCConfigurationList;
			buildConfigurations = (
				4916636E215F5E6500D966E9 /* Debug */,
				4916636F215F5E6500D966E9 /* Release */,
			);
			defaultConfigurationIsVisible = 0;
			defaultConfigurationName = Release;
		};
/* End XCConfigurationList section */

/* Begin XCVersionGroup section */
		49EECF4D216BC1FB00E19DC7 /* DataModel.xcdatamodeld */ = {
			isa = XCVersionGroup;
			children = (
				49EECF4E216BC1FB00E19DC7 /* DataModel.xcdatamodel */,
			);
			currentVersion = 49EECF4E216BC1FB00E19DC7 /* DataModel.xcdatamodel */;
			path = DataModel.xcdatamodeld;
			sourceTree = "<group>";
			versionGroupType = wrapper.xcdatamodel;
		};
/* End XCVersionGroup section */
	};
	rootObject = 49166353215F5E6400D966E9 /* Project object */;
}
